
Microsoft Visual Studio Solution File, Format Version 12.00
# Visual Studio 15
VisualStudioVersion = 15.0.28307.438
MinimumVisualStudioVersion = 10.0.40219.1
Project("{9A19103F-16F7-4668-BE54-9A1E7A4F7556}") = "ConsoleClient_ClientCredentials", "ConsoleClient\ConsoleClient_ClientCredentials.csproj", "{C11D45F7-5814-41AC-A988-6EC7DE82A1B1}"
EndProject
Project("{9A19103F-16F7-4668-BE54-9A1E7A4F7556}") = "ConsoleClient_ResourceOwnerPassword", "ConsoleClient_ResourceOwnerPassword\ConsoleClient_ResourceOwnerPassword.csproj", "{D9B0F0F3-C06F-4B6F-9C51-0EA7ACF8B919}"
EndProject
Project("{9A19103F-16F7-4668-BE54-9A1E7A4F7556}") = "MvcCoreClient", "MvcCoreClient\MvcCoreClient.csproj", "{12F97095-7139-406C-9CBB-5C3490A63279}"
EndProject
Project("{FAE04EC0-301F-11D3-BF4B-00C04F79EFBC}") = "Form_ResourceOwnerPassword", "Form_ResourceOwnerPassword\Form_ResourceOwnerPassword.csproj", "{E3A671BB-089D-4FBB-94D4-043E2D4A7E33}"
EndProject
Project("{E24C65DC-7377-472B-9ABA-BC803B73C61A}") = "angular-client", "angular-client", "{C7102E67-2BEC-4467-B4F3-A508254B965D}"
	ProjectSection(WebsiteProperties) = preProject
		SccProjectName = ""
		SccAuxPath = ""
		SccLocalPath = ""
		SccProvider = ""
		TargetFrameworkMoniker = ".NETFramework,Version%3Dv4.0"
		Debug.AspNetCompiler.VirtualPath = "/localhost_8604"
		Debug.AspNetCompiler.PhysicalPath = "angular-client\"
		Debug.AspNetCompiler.TargetPath = "PrecompiledWeb\localhost_8604\"
		Debug.AspNetCompiler.Updateable = "true"
		Debug.AspNetCompiler.ForceOverwrite = "true"
		Debug.AspNetCompiler.FixedNames = "false"
		Debug.AspNetCompiler.Debug = "True"
		Release.AspNetCompiler.VirtualPath = "/localhost_8604"
		Release.AspNetCompiler.PhysicalPath = "angular-client\"
		Release.AspNetCompiler.TargetPath = "PrecompiledWeb\localhost_8604\"
		Release.AspNetCompiler.Updateable = "true"
		Release.AspNetCompiler.ForceOverwrite = "true"
		Release.AspNetCompiler.FixedNames = "false"
		Release.AspNetCompiler.Debug = "False"
		VWDPort = "8604"
		SlnRelativePath = "angular-client\"
	EndProjectSection
EndProject
Global
	GlobalSection(SolutionConfigurationPlatforms) = preSolution
		Debug|Any CPU = Debug|Any CPU
		Release|Any CPU = Release|Any CPU
	EndGlobalSection
	GlobalSection(ProjectConfigurationPlatforms) = postSolution
		{C11D45F7-5814-41AC-A988-6EC7DE82A1B1}.Debug|Any CPU.ActiveCfg = Debug|Any CPU
		{C11D45F7-5814-41AC-A988-6EC7DE82A1B1}.Debug|Any CPU.Build.0 = Debug|Any CPU
		{C11D45F7-5814-41AC-A988-6EC7DE82A1B1}.Release|Any CPU.ActiveCfg = Release|Any CPU
		{C11D45F7-5814-41AC-A988-6EC7DE82A1B1}.Release|Any CPU.Build.0 = Release|Any CPU
		{D9B0F0F3-C06F-4B6F-9C51-0EA7ACF8B919}.Debug|Any CPU.ActiveCfg = Debug|Any CPU
		{D9B0F0F3-C06F-4B6F-9C51-0EA7ACF8B919}.Debug|Any CPU.Build.0 = Debug|Any CPU
		{D9B0F0F3-C06F-4B6F-9C51-0EA7ACF8B919}.Release|Any CPU.ActiveCfg = Release|Any CPU
		{D9B0F0F3-C06F-4B6F-9C51-0EA7ACF8B919}.Release|Any CPU.Build.0 = Release|Any CPU
		{12F97095-7139-406C-9CBB-5C3490A63279}.Debug|Any CPU.ActiveCfg = Debug|Any CPU
		{12F97095-7139-406C-9CBB-5C3490A63279}.Debug|Any CPU.Build.0 = Debug|Any CPU
		{12F97095-7139-406C-9CBB-5C3490A63279}.Release|Any CPU.ActiveCfg = Release|Any CPU
		{12F97095-7139-406C-9CBB-5C3490A63279}.Release|Any CPU.Build.0 = Release|Any CPU
		{E3A671BB-089D-4FBB-94D4-043E2D4A7E33}.Debug|Any CPU.ActiveCfg = Debug|Any CPU
		{E3A671BB-089D-4FBB-94D4-043E2D4A7E33}.Debug|Any CPU.Build.0 = Debug|Any CPU
		{E3A671BB-089D-4FBB-94D4-043E2D4A7E33}.Release|Any CPU.ActiveCfg = Release|Any CPU
		{E3A671BB-089D-4FBB-94D4-043E2D4A7E33}.Release|Any CPU.Build.0 = Release|Any CPU
		{C7102E67-2BEC-4467-B4F3-A508254B965D}.Debug|Any CPU.ActiveCfg = Debug|Any CPU
		{C7102E67-2BEC-4467-B4F3-A508254B965D}.Debug|Any CPU.Build.0 = Debug|Any CPU
		{C7102E67-2BEC-4467-B4F3-A508254B965D}.Release|Any CPU.ActiveCfg = Debug|Any CPU
		{C7102E67-2BEC-4467-B4F3-A508254B965D}.Release|Any CPU.Build.0 = Debug|Any CPU
	EndGlobalSection
	GlobalSection(SolutionProperties) = preSolution
		HideSolutionNode = FALSE
	EndGlobalSection
	GlobalSection(ExtensibilityGlobals) = postSolution
		SolutionGuid = {C16D6C4D-D171-411C-851A-2D80DD089006}
	EndGlobalSection
EndGlobal
